
Microsoft Visual Studio Solution File, Format Version 12.00
# Visual Studio 15
VisualStudioVersion = 15.0.28307.489
MinimumVisualStudioVersion = 10.0.40219.1
Project("{FAE04EC0-301F-11D3-BF4B-00C04F79EFBC}") = "AppTipoPagina.Android", "AppTipoPagina\AppTipoPagina.Android\AppTipoPagina.Android.csproj", "{695AA960-9049-4929-A329-4AD40221EA87}"
EndProject
Project("{FAE04EC0-301F-11D3-BF4B-00C04F79EFBC}") = "AppTipoPagina.iOS", "AppTipoPagina\AppTipoPagina.iOS\AppTipoPagina.iOS.csproj", "{3691A6E1-35D9-44C2-A69F-8B4AD5377AC3}"
EndProject
Project("{FAE04EC0-301F-11D3-BF4B-00C04F79EFBC}") = "AppTipoPagina.UWP", "AppTipoPagina\AppTipoPagina.UWP\AppTipoPagina.UWP.csproj", "{3678B8B0-008A-4BA9-8BEB-4877350A09FD}"
EndProject
Project("{FAE04EC0-301F-11D3-BF4B-00C04F79EFBC}") = "AppTipoPagina", "AppTipoPagina\AppTipoPagina\AppTipoPagina.csproj", "{5184FE42-6901-40A4-91E7-11C265ECD381}"
EndProject
Global
	GlobalSection(SolutionConfigurationPlatforms) = preSolution
		Ad-Hoc|Any CPU = Ad-Hoc|Any CPU
		Ad-Hoc|ARM = Ad-Hoc|ARM
		Ad-Hoc|iPhone = Ad-Hoc|iPhone
		Ad-Hoc|iPhoneSimulator = Ad-Hoc|iPhoneSimulator
		Ad-Hoc|x64 = Ad-Hoc|x64
		Ad-Hoc|x86 = Ad-Hoc|x86
		AppStore|Any CPU = AppStore|Any CPU
		AppStore|ARM = AppStore|ARM
		AppStore|iPhone = AppStore|iPhone
		AppStore|iPhoneSimulator = AppStore|iPhoneSimulator
		AppStore|x64 = AppStore|x64
		AppStore|x86 = AppStore|x86
		Debug|Any CPU = Debug|Any CPU
		Debug|ARM = Debug|ARM
		Debug|iPhone = Debug|iPhone
		Debug|iPhoneSimulator = Debug|iPhoneSimulator
		Debug|x64 = Debug|x64
		Debug|x86 = Debug|x86
		Release|Any CPU = Release|Any CPU
		Release|ARM = Release|ARM
		Release|iPhone = Release|iPhone
		Release|iPhoneSimulator = Release|iPhoneSimulator
		Release|x64 = Release|x64
		Release|x86 = Release|x86
	EndGlobalSection
	GlobalSection(ProjectConfigurationPlatforms) = postSolution
		{695AA960-9049-4929-A329-4AD40221EA87}.Ad-Hoc|Any CPU.ActiveCfg = Release|Any CPU
		{695AA960-9049-4929-A329-4AD40221EA87}.Ad-Hoc|Any CPU.Build.0 = Release|Any CPU
		{695AA960-9049-4929-A329-4AD40221EA87}.Ad-Hoc|Any CPU.Deploy.0 = Release|Any CPU
		{695AA960-9049-4929-A329-4AD40221EA87}.Ad-Hoc|ARM.ActiveCfg = Release|Any CPU
		{695AA960-9049-4929-A329-4AD40221EA87}.Ad-Hoc|ARM.Build.0 = Release|Any CPU
		{695AA960-9049-4929-A329-4AD40221EA87}.Ad-Hoc|ARM.Deploy.0 = Release|Any CPU
		{695AA960-9049-4929-A329-4AD40221EA87}.Ad-Hoc|iPhone.ActiveCfg = Release|Any CPU
		{695AA960-9049-4929-A329-4AD40221EA87}.Ad-Hoc|iPhone.Build.0 = Release|Any CPU
		{695AA960-9049-4929-A329-4AD40221EA87}.Ad-Hoc|iPhone.Deploy.0 = Release|Any CPU
		{695AA960-9049-4929-A329-4AD40221EA87}.Ad-Hoc|iPhoneSimulator.ActiveCfg = Release|Any CPU
		{695AA960-9049-4929-A329-4AD40221EA87}.Ad-Hoc|iPhoneSimulator.Build.0 = Release|Any CPU
		{695AA960-9049-4929-A329-4AD40221EA87}.Ad-Hoc|iPhoneSimulator.Deploy.0 = Release|Any CPU
		{695AA960-9049-4929-A329-4AD40221EA87}.Ad-Hoc|x64.ActiveCfg = Release|Any CPU
		{695AA960-9049-4929-A329-4AD40221EA87}.Ad-Hoc|x64.Build.0 = Release|Any CPU
		{695AA960-9049-4929-A329-4AD40221EA87}.Ad-Hoc|x64.Deploy.0 = Release|Any CPU
		{695AA960-9049-4929-A329-4AD40221EA87}.Ad-Hoc|x86.ActiveCfg = Release|Any CPU
		{695AA960-9049-4929-A329-4AD40221EA87}.Ad-Hoc|x86.Build.0 = Release|Any CPU
		{695AA960-9049-4929-A329-4AD40221EA87}.Ad-Hoc|x86.Deploy.0 = Release|Any CPU
		{695AA960-9049-4929-A329-4AD40221EA87}.AppStore|Any CPU.ActiveCfg = Release|Any CPU
		{695AA960-9049-4929-A329-4AD40221EA87}.AppStore|Any CPU.Build.0 = Release|Any CPU
		{695AA960-9049-4929-A329-4AD40221EA87}.AppStore|Any CPU.Deploy.0 = Release|Any CPU
		{695AA960-9049-4929-A329-4AD40221EA87}.AppStore|ARM.ActiveCfg = Release|Any CPU
		{695AA960-9049-4929-A329-4AD40221EA87}.AppStore|ARM.Build.0 = Release|Any CPU
		{695AA960-9049-4929-A329-4AD40221EA87}.AppStore|ARM.Deploy.0 = Release|Any CPU
		{695AA960-9049-4929-A329-4AD40221EA87}.AppStore|iPhone.ActiveCfg = Release|Any CPU
		{695AA960-9049-4929-A329-4AD40221EA87}.AppStore|iPhone.Build.0 = Release|Any CPU
		{695AA960-9049-4929-A329-4AD40221EA87}.AppStore|iPhone.Deploy.0 = Release|Any CPU
		{695AA960-9049-4929-A329-4AD40221EA87}.AppStore|iPhoneSimulator.ActiveCfg = Release|Any CPU
		{695AA960-9049-4929-A329-4AD40221EA87}.AppStore|iPhoneSimulator.Build.0 = Release|Any CPU
		{695AA960-9049-4929-A329-4AD40221EA87}.AppStore|iPhoneSimulator.Deploy.0 = Release|Any CPU
		{695AA960-9049-4929-A329-4AD40221EA87}.AppStore|x64.ActiveCfg = Release|Any CPU
		{695AA960-9049-4929-A329-4AD40221EA87}.AppStore|x64.Build.0 = Release|Any CPU
		{695AA960-9049-4929-A329-4AD40221EA87}.AppStore|x64.Deploy.0 = Release|Any CPU
		{695AA960-9049-4929-A329-4AD40221EA87}.AppStore|x86.ActiveCfg = Release|Any CPU
		{695AA960-9049-4929-A329-4AD40221EA87}.AppStore|x86.Build.0 = Release|Any CPU
		{695AA960-9049-4929-A329-4AD40221EA87}.AppStore|x86.Deploy.0 = Release|Any CPU
		{695AA960-9049-4929-A329-4AD40221EA87}.Debug|Any CPU.ActiveCfg = Debug|Any CPU
		{695AA960-9049-4929-A329-4AD40221EA87}.Debug|Any CPU.Build.0 = Debug|Any CPU
		{695AA960-9049-4929-A329-4AD40221EA87}.Debug|Any CPU.Deploy.0 = Debug|Any CPU
		{695AA960-9049-4929-A329-4AD40221EA87}.Debug|ARM.ActiveCfg = Debug|Any CPU
		{695AA960-9049-4929-A329-4AD40221EA87}.Debug|ARM.Build.0 = Debug|Any CPU
		{695AA960-9049-4929-A329-4AD40221EA87}.Debug|ARM.Deploy.0 = Debug|Any CPU
		{695AA960-9049-4929-A329-4AD40221EA87}.Debug|iPhone.ActiveCfg = Debug|Any CPU
		{695AA960-9049-4929-A329-4AD40221EA87}.Debug|iPhone.Build.0 = Debug|Any CPU
		{695AA960-9049-4929-A329-4AD40221EA87}.Debug|iPhone.Deploy.0 = Debug|Any CPU
		{695AA960-9049-4929-A329-4AD40221EA87}.Debug|iPhoneSimulator.ActiveCfg = Debug|Any CPU
		{695AA960-9049-4929-A329-4AD40221EA87}.Debug|iPhoneSimulator.Build.0 = Debug|Any CPU
		{695AA960-9049-4929-A329-4AD40221EA87}.Debug|iPhoneSimulator.Deploy.0 = Debug|Any CPU
		{695AA960-9049-4929-A329-4AD40221EA87}.Debug|x64.ActiveCfg = Debug|Any CPU
		{695AA960-9049-4929-A329-4AD40221EA87}.Debug|x64.Build.0 = Debug|Any CPU
		{695AA960-9049-4929-A329-4AD40221EA87}.Debug|x64.Deploy.0 = Debug|Any CPU
		{695AA960-9049-4929-A329-4AD40221EA87}.Debug|x86.ActiveCfg = Debug|Any CPU
		{695AA960-9049-4929-A329-4AD40221EA87}.Debug|x86.Build.0 = Debug|Any CPU
		{695AA960-9049-4929-A329-4AD40221EA87}.Debug|x86.Deploy.0 = Debug|Any CPU
		{695AA960-9049-4929-A329-4AD40221EA87}.Release|Any CPU.ActiveCfg = Release|Any CPU
		{695AA960-9049-4929-A329-4AD40221EA87}.Release|Any CPU.Build.0 = Release|Any CPU
		{695AA960-9049-4929-A329-4AD40221EA87}.Release|Any CPU.Deploy.0 = Release|Any CPU
		{695AA960-9049-4929-A329-4AD40221EA87}.Release|ARM.ActiveCfg = Release|Any CPU
		{695AA960-9049-4929-A329-4AD40221EA87}.Release|ARM.Build.0 = Release|Any CPU
		{695AA960-9049-4929-A329-4AD40221EA87}.Release|ARM.Deploy.0 = Release|Any CPU
		{695AA960-9049-4929-A329-4AD40221EA87}.Release|iPhone.ActiveCfg = Release|Any CPU
		{695AA960-9049-4929-A329-4AD40221EA87}.Release|iPhone.Build.0 = Release|Any CPU
		{695AA960-9049-4929-A329-4AD40221EA87}.Release|iPhone.Deploy.0 = Release|Any CPU
		{695AA960-9049-4929-A329-4AD40221EA87}.Release|iPhoneSimulator.ActiveCfg = Release|Any CPU
		{695AA960-9049-4929-A329-4AD40221EA87}.Release|iPhoneSimulator.Build.0 = Release|Any CPU
		{695AA960-9049-4929-A329-4AD40221EA87}.Release|iPhoneSimulator.Deploy.0 = Release|Any CPU
		{695AA960-9049-4929-A329-4AD40221EA87}.Release|x64.ActiveCfg = Release|Any CPU
		{695AA960-9049-4929-A329-4AD40221EA87}.Release|x64.Build.0 = Release|Any CPU
		{695AA960-9049-4929-A329-4AD40221EA87}.Release|x64.Deploy.0 = Release|Any CPU
		{695AA960-9049-4929-A329-4AD40221EA87}.Release|x86.ActiveCfg = Release|Any CPU
		{695AA960-9049-4929-A329-4AD40221EA87}.Release|x86.Build.0 = Release|Any CPU
		{695AA960-9049-4929-A329-4AD40221EA87}.Release|x86.Deploy.0 = Release|Any CPU
		{3691A6E1-35D9-44C2-A69F-8B4AD5377AC3}.Ad-Hoc|Any CPU.ActiveCfg = Ad-Hoc|iPhone
		{3691A6E1-35D9-44C2-A69F-8B4AD5377AC3}.Ad-Hoc|Any CPU.Build.0 = Ad-Hoc|iPhone
		{3691A6E1-35D9-44C2-A69F-8B4AD5377AC3}.Ad-Hoc|Any CPU.Deploy.0 = Ad-Hoc|iPhone
		{3691A6E1-35D9-44C2-A69F-8B4AD5377AC3}.Ad-Hoc|ARM.ActiveCfg = Ad-Hoc|iPhone
		{3691A6E1-35D9-44C2-A69F-8B4AD5377AC3}.Ad-Hoc|ARM.Build.0 = Ad-Hoc|iPhone
		{3691A6E1-35D9-44C2-A69F-8B4AD5377AC3}.Ad-Hoc|ARM.Deploy.0 = Ad-Hoc|iPhone
		{3691A6E1-35D9-44C2-A69F-8B4AD5377AC3}.Ad-Hoc|iPhone.ActiveCfg = Ad-Hoc|iPhone
		{3691A6E1-35D9-44C2-A69F-8B4AD5377AC3}.Ad-Hoc|iPhone.Build.0 = Ad-Hoc|iPhone
		{3691A6E1-35D9-44C2-A69F-8B4AD5377AC3}.Ad-Hoc|iPhone.Deploy.0 = Ad-Hoc|iPhone
		{3691A6E1-35D9-44C2-A69F-8B4AD5377AC3}.Ad-Hoc|iPhoneSimulator.ActiveCfg = Ad-Hoc|iPhoneSimulator
		{3691A6E1-35D9-44C2-A69F-8B4AD5377AC3}.Ad-Hoc|iPhoneSimulator.Build.0 = Ad-Hoc|iPhoneSimulator
		{3691A6E1-35D9-44C2-A69F-8B4AD5377AC3}.Ad-Hoc|iPhoneSimulator.Deploy.0 = Ad-Hoc|iPhoneSimulator
		{3691A6E1-35D9-44C2-A69F-8B4AD5377AC3}.Ad-Hoc|x64.ActiveCfg = Ad-Hoc|iPhone
		{3691A6E1-35D9-44C2-A69F-8B4AD5377AC3}.Ad-Hoc|x64.Build.0 = Ad-Hoc|iPhone
		{3691A6E1-35D9-44C2-A69F-8B4AD5377AC3}.Ad-Hoc|x64.Deploy.0 = Ad-Hoc|iPhone
		{3691A6E1-35D9-44C2-A69F-8B4AD5377AC3}.Ad-Hoc|x86.ActiveCfg = Ad-Hoc|iPhone
		{3691A6E1-35D9-44C2-A69F-8B4AD5377AC3}.Ad-Hoc|x86.Build.0 = Ad-Hoc|iPhone
		{3691A6E1-35D9-44C2-A69F-8B4AD5377AC3}.Ad-Hoc|x86.Deploy.0 = Ad-Hoc|iPhone
		{3691A6E1-35D9-44C2-A69F-8B4AD5377AC3}.AppStore|Any CPU.ActiveCfg = AppStore|iPhone
		{3691A6E1-35D9-44C2-A69F-8B4AD5377AC3}.AppStore|Any CPU.Build.0 = AppStore|iPhone
		{3691A6E1-35D9-44C2-A69F-8B4AD5377AC3}.AppStore|Any CPU.Deploy.0 = AppStore|iPhone
		{3691A6E1-35D9-44C2-A69F-8B4AD5377AC3}.AppStore|ARM.ActiveCfg = AppStore|iPhone
		{3691A6E1-35D9-44C2-A69F-8B4AD5377AC3}.AppStore|ARM.Build.0 = AppStore|iPhone
		{3691A6E1-35D9-44C2-A69F-8B4AD5377AC3}.AppStore|ARM.Deploy.0 = AppStore|iPhone
		{3691A6E1-35D9-44C2-A69F-8B4AD5377AC3}.AppStore|iPhone.ActiveCfg = AppStore|iPhone
		{3691A6E1-35D9-44C2-A69F-8B4AD5377AC3}.AppStore|iPhone.Build.0 = AppStore|iPhone
		{3691A6E1-35D9-44C2-A69F-8B4AD5377AC3}.AppStore|iPhone.Deploy.0 = AppStore|iPhone
		{3691A6E1-35D9-44C2-A69F-8B4AD5377AC3}.AppStore|iPhoneSimulator.ActiveCfg = AppStore|iPhoneSimulator
		{3691A6E1-35D9-44C2-A69F-8B4AD5377AC3}.AppStore|iPhoneSimulator.Build.0 = AppStore|iPhoneSimulator
		{3691A6E1-35D9-44C2-A69F-8B4AD5377AC3}.AppStore|iPhoneSimulator.Deploy.0 = AppStore|iPhoneSimulator
		{3691A6E1-35D9-44C2-A69F-8B4AD5377AC3}.AppStore|x64.ActiveCfg = AppStore|iPhone
		{3691A6E1-35D9-44C2-A69F-8B4AD5377AC3}.AppStore|x64.Build.0 = AppStore|iPhone
		{3691A6E1-35D9-44C2-A69F-8B4AD5377AC3}.AppStore|x64.Deploy.0 = AppStore|iPhone
		{3691A6E1-35D9-44C2-A69F-8B4AD5377AC3}.AppStore|x86.ActiveCfg = AppStore|iPhone
		{3691A6E1-35D9-44C2-A69F-8B4AD5377AC3}.AppStore|x86.Build.0 = AppStore|iPhone
		{3691A6E1-35D9-44C2-A69F-8B4AD5377AC3}.AppStore|x86.Deploy.0 = AppStore|iPhone
		{3691A6E1-35D9-44C2-A69F-8B4AD5377AC3}.Debug|Any CPU.ActiveCfg = Debug|iPhoneSimulator
		{3691A6E1-35D9-44C2-A69F-8B4AD5377AC3}.Debug|Any CPU.Build.0 = Debug|iPhoneSimulator
		{3691A6E1-35D9-44C2-A69F-8B4AD5377AC3}.Debug|Any CPU.Deploy.0 = Debug|iPhoneSimulator
		{3691A6E1-35D9-44C2-A69F-8B4AD5377AC3}.Debug|ARM.ActiveCfg = Debug|iPhone
		{3691A6E1-35D9-44C2-A69F-8B4AD5377AC3}.Debug|ARM.Build.0 = Debug|iPhone
		{3691A6E1-35D9-44C2-A69F-8B4AD5377AC3}.Debug|ARM.Deploy.0 = Debug|iPhone
		{3691A6E1-35D9-44C2-A69F-8B4AD5377AC3}.Debug|iPhone.ActiveCfg = Debug|iPhone
		{3691A6E1-35D9-44C2-A69F-8B4AD5377AC3}.Debug|iPhone.Build.0 = Debug|iPhone
		{3691A6E1-35D9-44C2-A69F-8B4AD5377AC3}.Debug|iPhone.Deploy.0 = Debug|iPhone
		{3691A6E1-35D9-44C2-A69F-8B4AD5377AC3}.Debug|iPhoneSimulator.ActiveCfg = Debug|iPhoneSimulator
		{3691A6E1-35D9-44C2-A69F-8B4AD5377AC3}.Debug|iPhoneSimulator.Build.0 = Debug|iPhoneSimulator
		{3691A6E1-35D9-44C2-A69F-8B4AD5377AC3}.Debug|iPhoneSimulator.Deploy.0 = Debug|iPhoneSimulator
		{3691A6E1-35D9-44C2-A69F-8B4AD5377AC3}.Debug|x64.ActiveCfg = Debug|iPhone
		{3691A6E1-35D9-44C2-A69F-8B4AD5377AC3}.Debug|x64.Build.0 = Debug|iPhone
		{3691A6E1-35D9-44C2-A69F-8B4AD5377AC3}.Debug|x64.Deploy.0 = Debug|iPhone
		{3691A6E1-35D9-44C2-A69F-8B4AD5377AC3}.Debug|x86.ActiveCfg = Debug|iPhone
		{3691A6E1-35D9-44C2-A69F-8B4AD5377AC3}.Debug|x86.Build.0 = Debug|iPhone
		{3691A6E1-35D9-44C2-A69F-8B4AD5377AC3}.Debug|x86.Deploy.0 = Debug|iPhone
		{3691A6E1-35D9-44C2-A69F-8B4AD5377AC3}.Release|Any CPU.ActiveCfg = Release|iPhone
		{3691A6E1-35D9-44C2-A69F-8B4AD5377AC3}.Release|Any CPU.Build.0 = Release|iPhone
		{3691A6E1-35D9-44C2-A69F-8B4AD5377AC3}.Release|Any CPU.Deploy.0 = Release|iPhone
		{3691A6E1-35D9-44C2-A69F-8B4AD5377AC3}.Release|ARM.ActiveCfg = Release|iPhone
		{3691A6E1-35D9-44C2-A69F-8B4AD5377AC3}.Release|ARM.Build.0 = Release|iPhone
		{3691A6E1-35D9-44C2-A69F-8B4AD5377AC3}.Release|ARM.Deploy.0 = Release|iPhone
		{3691A6E1-35D9-44C2-A69F-8B4AD5377AC3}.Release|iPhone.ActiveCfg = Release|iPhone
		{3691A6E1-35D9-44C2-A69F-8B4AD5377AC3}.Release|iPhone.Build.0 = Release|iPhone
		{3691A6E1-35D9-44C2-A69F-8B4AD5377AC3}.Release|iPhone.Deploy.0 = Release|iPhone
		{3691A6E1-35D9-44C2-A69F-8B4AD5377AC3}.Release|iPhoneSimulator.ActiveCfg = Release|iPhoneSimulator
		{3691A6E1-35D9-44C2-A69F-8B4AD5377AC3}.Release|iPhoneSimulator.Build.0 = Release|iPhoneSimulator
		{3691A6E1-35D9-44C2-A69F-8B4AD5377AC3}.Release|iPhoneSimulator.Deploy.0 = Release|iPhoneSimulator
		{3691A6E1-35D9-44C2-A69F-8B4AD5377AC3}.Release|x64.ActiveCfg = Release|iPhone
		{3691A6E1-35D9-44C2-A69F-8B4AD5377AC3}.Release|x64.Build.0 = Release|iPhone
		{3691A6E1-35D9-44C2-A69F-8B4AD5377AC3}.Release|x64.Deploy.0 = Release|iPhone
		{3691A6E1-35D9-44C2-A69F-8B4AD5377AC3}.Release|x86.ActiveCfg = Release|iPhone
		{3691A6E1-35D9-44C2-A69F-8B4AD5377AC3}.Release|x86.Build.0 = Release|iPhone
		{3691A6E1-35D9-44C2-A69F-8B4AD5377AC3}.Release|x86.Deploy.0 = Release|iPhone
		{3678B8B0-008A-4BA9-8BEB-4877350A09FD}.Ad-Hoc|Any CPU.ActiveCfg = Release|x86
		{3678B8B0-008A-4BA9-8BEB-4877350A09FD}.Ad-Hoc|Any CPU.Build.0 = Release|x86
		{3678B8B0-008A-4BA9-8BEB-4877350A09FD}.Ad-Hoc|Any CPU.Deploy.0 = Release|x86
		{3678B8B0-008A-4BA9-8BEB-4877350A09FD}.Ad-Hoc|ARM.ActiveCfg = Release|ARM
		{3678B8B0-008A-4BA9-8BEB-4877350A09FD}.Ad-Hoc|ARM.Build.0 = Release|ARM
		{3678B8B0-008A-4BA9-8BEB-4877350A09FD}.Ad-Hoc|ARM.Deploy.0 = Release|ARM
		{3678B8B0-008A-4BA9-8BEB-4877350A09FD}.Ad-Hoc|iPhone.ActiveCfg = Release|x86
		{3678B8B0-008A-4BA9-8BEB-4877350A09FD}.Ad-Hoc|iPhone.Build.0 = Release|x86
		{3678B8B0-008A-4BA9-8BEB-4877350A09FD}.Ad-Hoc|iPhone.Deploy.0 = Release|x86
		{3678B8B0-008A-4BA9-8BEB-4877350A09FD}.Ad-Hoc|iPhoneSimulator.ActiveCfg = Release|x86
		{3678B8B0-008A-4BA9-8BEB-4877350A09FD}.Ad-Hoc|iPhoneSimulator.Build.0 = Release|x86
		{3678B8B0-008A-4BA9-8BEB-4877350A09FD}.Ad-Hoc|iPhoneSimulator.Deploy.0 = Release|x86
		{3678B8B0-008A-4BA9-8BEB-4877350A09FD}.Ad-Hoc|x64.ActiveCfg = Release|x64
		{3678B8B0-008A-4BA9-8BEB-4877350A09FD}.Ad-Hoc|x64.Build.0 = Release|x64
		{3678B8B0-008A-4BA9-8BEB-4877350A09FD}.Ad-Hoc|x64.Deploy.0 = Release|x64
		{3678B8B0-008A-4BA9-8BEB-4877350A09FD}.Ad-Hoc|x86.ActiveCfg = Release|x86
		{3678B8B0-008A-4BA9-8BEB-4877350A09FD}.Ad-Hoc|x86.Build.0 = Release|x86
		{3678B8B0-008A-4BA9-8BEB-4877350A09FD}.Ad-Hoc|x86.Deploy.0 = Release|x86
		{3678B8B0-008A-4BA9-8BEB-4877350A09FD}.AppStore|Any CPU.ActiveCfg = Release|x86
		{3678B8B0-008A-4BA9-8BEB-4877350A09FD}.AppStore|Any CPU.Build.0 = Release|x86
		{3678B8B0-008A-4BA9-8BEB-4877350A09FD}.AppStore|Any CPU.Deploy.0 = Release|x86
		{3678B8B0-008A-4BA9-8BEB-4877350A09FD}.AppStore|ARM.ActiveCfg = Release|ARM
		{3678B8B0-008A-4BA9-8BEB-4877350A09FD}.AppStore|ARM.Build.0 = Release|ARM
		{3678B8B0-008A-4BA9-8BEB-4877350A09FD}.AppStore|ARM.Deploy.0 = Release|ARM
		{3678B8B0-008A-4BA9-8BEB-4877350A09FD}.AppStore|iPhone.ActiveCfg = Release|x86
		{3678B8B0-008A-4BA9-8BEB-4877350A09FD}.AppStore|iPhone.Build.0 = Release|x86
		{3678B8B0-008A-4BA9-8BEB-4877350A09FD}.AppStore|iPhone.Deploy.0 = Release|x86
		{3678B8B0-008A-4BA9-8BEB-4877350A09FD}.AppStore|iPhoneSimulator.ActiveCfg = Release|x86
		{3678B8B0-008A-4BA9-8BEB-4877350A09FD}.AppStore|iPhoneSimulator.Build.0 = Release|x86
		{3678B8B0-008A-4BA9-8BEB-4877350A09FD}.AppStore|iPhoneSimulator.Deploy.0 = Release|x86
		{3678B8B0-008A-4BA9-8BEB-4877350A09FD}.AppStore|x64.ActiveCfg = Release|x64
		{3678B8B0-008A-4BA9-8BEB-4877350A09FD}.AppStore|x64.Build.0 = Release|x64
		{3678B8B0-008A-4BA9-8BEB-4877350A09FD}.AppStore|x64.Deploy.0 = Release|x64
		{3678B8B0-008A-4BA9-8BEB-4877350A09FD}.AppStore|x86.ActiveCfg = Release|x86
		{3678B8B0-008A-4BA9-8BEB-4877350A09FD}.AppStore|x86.Build.0 = Release|x86
		{3678B8B0-008A-4BA9-8BEB-4877350A09FD}.AppStore|x86.Deploy.0 = Release|x86
		{3678B8B0-008A-4BA9-8BEB-4877350A09FD}.Debug|Any CPU.ActiveCfg = Debug|x86
		{3678B8B0-008A-4BA9-8BEB-4877350A09FD}.Debug|Any CPU.Build.0 = Debug|x86
		{3678B8B0-008A-4BA9-8BEB-4877350A09FD}.Debug|Any CPU.Deploy.0 = Debug|x86
		{3678B8B0-008A-4BA9-8BEB-4877350A09FD}.Debug|ARM.ActiveCfg = Debug|ARM
		{3678B8B0-008A-4BA9-8BEB-4877350A09FD}.Debug|ARM.Build.0 = Debug|ARM
		{3678B8B0-008A-4BA9-8BEB-4877350A09FD}.Debug|ARM.Deploy.0 = Debug|ARM
		{3678B8B0-008A-4BA9-8BEB-4877350A09FD}.Debug|iPhone.ActiveCfg = Debug|x86
		{3678B8B0-008A-4BA9-8BEB-4877350A09FD}.Debug|iPhone.Build.0 = Debug|x86
		{3678B8B0-008A-4BA9-8BEB-4877350A09FD}.Debug|iPhone.Deploy.0 = Debug|x86
		{3678B8B0-008A-4BA9-8BEB-4877350A09FD}.Debug|iPhoneSimulator.ActiveCfg = Debug|x86
		{3678B8B0-008A-4BA9-8BEB-4877350A09FD}.Debug|iPhoneSimulator.Build.0 = Debug|x86
		{3678B8B0-008A-4BA9-8BEB-4877350A09FD}.Debug|iPhoneSimulator.Deploy.0 = Debug|x86
		{3678B8B0-008A-4BA9-8BEB-4877350A09FD}.Debug|x64.ActiveCfg = Debug|x64
		{3678B8B0-008A-4BA9-8BEB-4877350A09FD}.Debug|x64.Build.0 = Debug|x64
		{3678B8B0-008A-4BA9-8BEB-4877350A09FD}.Debug|x64.Deploy.0 = Debug|x64
		{3678B8B0-008A-4BA9-8BEB-4877350A09FD}.Debug|x86.ActiveCfg = Debug|x86
		{3678B8B0-008A-4BA9-8BEB-4877350A09FD}.Debug|x86.Build.0 = Debug|x86
		{3678B8B0-008A-4BA9-8BEB-4877350A09FD}.Debug|x86.Deploy.0 = Debug|x86
		{3678B8B0-008A-4BA9-8BEB-4877350A09FD}.Release|Any CPU.ActiveCfg = Release|x86
		{3678B8B0-008A-4BA9-8BEB-4877350A09FD}.Release|Any CPU.Build.0 = Release|x86
		{3678B8B0-008A-4BA9-8BEB-4877350A09FD}.Release|Any CPU.Deploy.0 = Release|x86
		{3678B8B0-008A-4BA9-8BEB-4877350A09FD}.Release|ARM.ActiveCfg = Release|ARM
		{3678B8B0-008A-4BA9-8BEB-4877350A09FD}.Release|ARM.Build.0 = Release|ARM
		{3678B8B0-008A-4BA9-8BEB-4877350A09FD}.Release|ARM.Deploy.0 = Release|ARM
		{3678B8B0-008A-4BA9-8BEB-4877350A09FD}.Release|iPhone.ActiveCfg = Release|x86
		{3678B8B0-008A-4BA9-8BEB-4877350A09FD}.Release|iPhone.Build.0 = Release|x86
		{3678B8B0-008A-4BA9-8BEB-4877350A09FD}.Release|iPhone.Deploy.0 = Release|x86
		{3678B8B0-008A-4BA9-8BEB-4877350A09FD}.Release|iPhoneSimulator.ActiveCfg = Release|x86
		{3678B8B0-008A-4BA9-8BEB-4877350A09FD}.Release|iPhoneSimulator.Build.0 = Release|x86
		{3678B8B0-008A-4BA9-8BEB-4877350A09FD}.Release|iPhoneSimulator.Deploy.0 = Release|x86
		{3678B8B0-008A-4BA9-8BEB-4877350A09FD}.Release|x64.ActiveCfg = Release|x64
		{3678B8B0-008A-4BA9-8BEB-4877350A09FD}.Release|x64.Build.0 = Release|x64
		{3678B8B0-008A-4BA9-8BEB-4877350A09FD}.Release|x64.Deploy.0 = Release|x64
		{3678B8B0-008A-4BA9-8BEB-4877350A09FD}.Release|x86.ActiveCfg = Release|x86
		{3678B8B0-008A-4BA9-8BEB-4877350A09FD}.Release|x86.Build.0 = Release|x86
		{3678B8B0-008A-4BA9-8BEB-4877350A09FD}.Release|x86.Deploy.0 = Release|x86
		{5184FE42-6901-40A4-91E7-11C265ECD381}.Ad-Hoc|Any CPU.ActiveCfg = Debug|Any CPU
		{5184FE42-6901-40A4-91E7-11C265ECD381}.Ad-Hoc|Any CPU.Build.0 = Debug|Any CPU
		{5184FE42-6901-40A4-91E7-11C265ECD381}.Ad-Hoc|Any CPU.Deploy.0 = Debug|Any CPU
		{5184FE42-6901-40A4-91E7-11C265ECD381}.Ad-Hoc|ARM.ActiveCfg = Debug|Any CPU
		{5184FE42-6901-40A4-91E7-11C265ECD381}.Ad-Hoc|ARM.Build.0 = Debug|Any CPU
		{5184FE42-6901-40A4-91E7-11C265ECD381}.Ad-Hoc|ARM.Deploy.0 = Debug|Any CPU
		{5184FE42-6901-40A4-91E7-11C265ECD381}.Ad-Hoc|iPhone.ActiveCfg = Debug|Any CPU
		{5184FE42-6901-40A4-91E7-11C265ECD381}.Ad-Hoc|iPhone.Build.0 = Debug|Any CPU
		{5184FE42-6901-40A4-91E7-11C265ECD381}.Ad-Hoc|iPhone.Deploy.0 = Debug|Any CPU
		{5184FE42-6901-40A4-91E7-11C265ECD381}.Ad-Hoc|iPhoneSimulator.ActiveCfg = Debug|Any CPU
		{5184FE42-6901-40A4-91E7-11C265ECD381}.Ad-Hoc|iPhoneSimulator.Build.0 = Debug|Any CPU
		{5184FE42-6901-40A4-91E7-11C265ECD381}.Ad-Hoc|iPhoneSimulator.Deploy.0 = Debug|Any CPU
		{5184FE42-6901-40A4-91E7-11C265ECD381}.Ad-Hoc|x64.ActiveCfg = Debug|Any CPU
		{5184FE42-6901-40A4-91E7-11C265ECD381}.Ad-Hoc|x64.Build.0 = Debug|Any CPU
		{5184FE42-6901-40A4-91E7-11C265ECD381}.Ad-Hoc|x64.Deploy.0 = Debug|Any CPU
		{5184FE42-6901-40A4-91E7-11C265ECD381}.Ad-Hoc|x86.ActiveCfg = Debug|Any CPU
		{5184FE42-6901-40A4-91E7-11C265ECD381}.Ad-Hoc|x86.Build.0 = Debug|Any CPU
		{5184FE42-6901-40A4-91E7-11C265ECD381}.Ad-Hoc|x86.Deploy.0 = Debug|Any CPU
		{5184FE42-6901-40A4-91E7-11C265ECD381}.AppStore|Any CPU.ActiveCfg = Debug|Any CPU
		{5184FE42-6901-40A4-91E7-11C265ECD381}.AppStore|Any CPU.Build.0 = Debug|Any CPU
		{5184FE42-6901-40A4-91E7-11C265ECD381}.AppStore|Any CPU.Deploy.0 = Debug|Any CPU
		{5184FE42-6901-40A4-91E7-11C265ECD381}.AppStore|ARM.ActiveCfg = Debug|Any CPU
		{5184FE42-6901-40A4-91E7-11C265ECD381}.AppStore|ARM.Build.0 = Debug|Any CPU
		{5184FE42-6901-40A4-91E7-11C265ECD381}.AppStore|ARM.Deploy.0 = Debug|Any CPU
		{5184FE42-6901-40A4-91E7-11C265ECD381}.AppStore|iPhone.ActiveCfg = Debug|Any CPU
		{5184FE42-6901-40A4-91E7-11C265ECD381}.AppStore|iPhone.Build.0 = Debug|Any CPU
		{5184FE42-6901-40A4-91E7-11C265ECD381}.AppStore|iPhone.Deploy.0 = Debug|Any CPU
		{5184FE42-6901-40A4-91E7-11C265ECD381}.AppStore|iPhoneSimulator.ActiveCfg = Debug|Any CPU
		{5184FE42-6901-40A4-91E7-11C265ECD381}.AppStore|iPhoneSimulator.Build.0 = Debug|Any CPU
		{5184FE42-6901-40A4-91E7-11C265ECD381}.AppStore|iPhoneSimulator.Deploy.0 = Debug|Any CPU
		{5184FE42-6901-40A4-91E7-11C265ECD381}.AppStore|x64.ActiveCfg = Debug|Any CPU
		{5184FE42-6901-40A4-91E7-11C265ECD381}.AppStore|x64.Build.0 = Debug|Any CPU
		{5184FE42-6901-40A4-91E7-11C265ECD381}.AppStore|x64.Deploy.0 = Debug|Any CPU
		{5184FE42-6901-40A4-91E7-11C265ECD381}.AppStore|x86.ActiveCfg = Debug|Any CPU
		{5184FE42-6901-40A4-91E7-11C265ECD381}.AppStore|x86.Build.0 = Debug|Any CPU
		{5184FE42-6901-40A4-91E7-11C265ECD381}.AppStore|x86.Deploy.0 = Debug|Any CPU
		{5184FE42-6901-40A4-91E7-11C265ECD381}.Debug|Any CPU.ActiveCfg = Debug|Any CPU
		{5184FE42-6901-40A4-91E7-11C265ECD381}.Debug|Any CPU.Build.0 = Debug|Any CPU
		{5184FE42-6901-40A4-91E7-11C265ECD381}.Debug|Any CPU.Deploy.0 = Debug|Any CPU
		{5184FE42-6901-40A4-91E7-11C265ECD381}.Debug|ARM.ActiveCfg = Debug|Any CPU
		{5184FE42-6901-40A4-91E7-11C265ECD381}.Debug|ARM.Build.0 = Debug|Any CPU
		{5184FE42-6901-40A4-91E7-11C265ECD381}.Debug|ARM.Deploy.0 = Debug|Any CPU
		{5184FE42-6901-40A4-91E7-11C265ECD381}.Debug|iPhone.ActiveCfg = Debug|Any CPU
		{5184FE42-6901-40A4-91E7-11C265ECD381}.Debug|iPhone.Build.0 = Debug|Any CPU
		{5184FE42-6901-40A4-91E7-11C265ECD381}.Debug|iPhone.Deploy.0 = Debug|Any CPU
		{5184FE42-6901-40A4-91E7-11C265ECD381}.Debug|iPhoneSimulator.ActiveCfg = Debug|Any CPU
		{5184FE42-6901-40A4-91E7-11C265ECD381}.Debug|iPhoneSimulator.Build.0 = Debug|Any CPU
		{5184FE42-6901-40A4-91E7-11C265ECD381}.Debug|iPhoneSimulator.Deploy.0 = Debug|Any CPU
		{5184FE42-6901-40A4-91E7-11C265ECD381}.Debug|x64.ActiveCfg = Debug|Any CPU
		{5184FE42-6901-40A4-91E7-11C265ECD381}.Debug|x64.Build.0 = Debug|Any CPU
		{5184FE42-6901-40A4-91E7-11C265ECD381}.Debug|x64.Deploy.0 = Debug|Any CPU
		{5184FE42-6901-40A4-91E7-11C265ECD381}.Debug|x86.ActiveCfg = Debug|Any CPU
		{5184FE42-6901-40A4-91E7-11C265ECD381}.Debug|x86.Build.0 = Debug|Any CPU
		{5184FE42-6901-40A4-91E7-11C265ECD381}.Debug|x86.Deploy.0 = Debug|Any CPU
		{5184FE42-6901-40A4-91E7-11C265ECD381}.Release|Any CPU.ActiveCfg = Release|Any CPU
		{5184FE42-6901-40A4-91E7-11C265ECD381}.Release|Any CPU.Build.0 = Release|Any CPU
		{5184FE42-6901-40A4-91E7-11C265ECD381}.Release|Any CPU.Deploy.0 = Release|Any CPU
		{5184FE42-6901-40A4-91E7-11C265ECD381}.Release|ARM.ActiveCfg = Release|Any CPU
		{5184FE42-6901-40A4-91E7-11C265ECD381}.Release|ARM.Build.0 = Release|Any CPU
		{5184FE42-6901-40A4-91E7-11C265ECD381}.Release|ARM.Deploy.0 = Release|Any CPU
		{5184FE42-6901-40A4-91E7-11C265ECD381}.Release|iPhone.ActiveCfg = Release|Any CPU
		{5184FE42-6901-40A4-91E7-11C265ECD381}.Release|iPhone.Build.0 = Release|Any CPU
		{5184FE42-6901-40A4-91E7-11C265ECD381}.Release|iPhone.Deploy.0 = Release|Any CPU
		{5184FE42-6901-40A4-91E7-11C265ECD381}.Release|iPhoneSimulator.ActiveCfg = Release|Any CPU
		{5184FE42-6901-40A4-91E7-11C265ECD381}.Release|iPhoneSimulator.Build.0 = Release|Any CPU
		{5184FE42-6901-40A4-91E7-11C265ECD381}.Release|iPhoneSimulator.Deploy.0 = Release|Any CPU
		{5184FE42-6901-40A4-91E7-11C265ECD381}.Release|x64.ActiveCfg = Release|Any CPU
		{5184FE42-6901-40A4-91E7-11C265ECD381}.Release|x64.Build.0 = Release|Any CPU
		{5184FE42-6901-40A4-91E7-11C265ECD381}.Release|x64.Deploy.0 = Release|Any CPU
		{5184FE42-6901-40A4-91E7-11C265ECD381}.Release|x86.ActiveCfg = Release|Any CPU
		{5184FE42-6901-40A4-91E7-11C265ECD381}.Release|x86.Build.0 = Release|Any CPU
		{5184FE42-6901-40A4-91E7-11C265ECD381}.Release|x86.Deploy.0 = Release|Any CPU
	EndGlobalSection
	GlobalSection(SolutionProperties) = preSolution
		HideSolutionNode = FALSE
	EndGlobalSection
	GlobalSection(ExtensibilityGlobals) = postSolution
		SolutionGuid = {859DAF90-2523-4742-9653-F2FE3D8424D5}
	EndGlobalSection
EndGlobal
